// !$*UTF8*$!
{
	archiveVersion = 1;
	classes = {
	};
	objectVersion = 56;
	objects = {

/* Begin PBXBuildFile section */
		840766EF2B0B5CF10079D1AE /* AppleFrameworksSwiftUIApp.swift in Sources */ = {isa = PBXBuildFile; fileRef = 840766EE2B0B5CF10079D1AE /* AppleFrameworksSwiftUIApp.swift */; };
		840766F32B0B5CF20079D1AE /* Assets.xcassets in Resources */ = {isa = PBXBuildFile; fileRef = 840766F22B0B5CF20079D1AE /* Assets.xcassets */; };
		840766F62B0B5CF20079D1AE /* Preview Assets.xcassets in Resources */ = {isa = PBXBuildFile; fileRef = 840766F52B0B5CF20079D1AE /* Preview Assets.xcassets */; };
		840766FD2B0B5D1D0079D1AE /* Framework.swift in Sources */ = {isa = PBXBuildFile; fileRef = 840766FC2B0B5D1C0079D1AE /* Framework.swift */; };
		840766FF2B0B5DAD0079D1AE /* FrameworkGridView.swift in Sources */ = {isa = PBXBuildFile; fileRef = 840766FE2B0B5DAD0079D1AE /* FrameworkGridView.swift */; };
		840767012B0B7E4C0079D1AE /* FrameworkDetailView.swift in Sources */ = {isa = PBXBuildFile; fileRef = 840767002B0B7E4C0079D1AE /* FrameworkDetailView.swift */; };
		840767032B0B80D80079D1AE /* AFButton.swift in Sources */ = {isa = PBXBuildFile; fileRef = 840767022B0B80D80079D1AE /* AFButton.swift */; };
		841CF4452B0E42A600383B55 /* FrameworkGridViewModel.swift in Sources */ = {isa = PBXBuildFile; fileRef = 841CF4442B0E42A600383B55 /* FrameworkGridViewModel.swift */; };
		841CF4472B0E48C900383B55 /* SafariView.swift in Sources */ = {isa = PBXBuildFile; fileRef = 841CF4462B0E48C900383B55 /* SafariView.swift */; };
		841CF4492B0E4D2100383B55 /* FrameworkTitleView.swift in Sources */ = {isa = PBXBuildFile; fileRef = 841CF4482B0E4D2100383B55 /* FrameworkTitleView.swift */; };
		841CF44B2B0E4DF100383B55 /* XDismissButton.swift in Sources */ = {isa = PBXBuildFile; fileRef = 841CF44A2B0E4DF100383B55 /* XDismissButton.swift */; };
/* End PBXBuildFile section */

/* Begin PBXFileReference section */
		840766EB2B0B5CF10079D1AE /* AppleFrameworksSwiftUI.app */ = {isa = PBXFileReference; explicitFileType = wrapper.application; includeInIndex = 0; path = AppleFrameworksSwiftUI.app; sourceTree = BUILT_PRODUCTS_DIR; };
		840766EE2B0B5CF10079D1AE /* AppleFrameworksSwiftUIApp.swift */ = {isa = PBXFileReference; lastKnownFileType = sourcecode.swift; path = AppleFrameworksSwiftUIApp.swift; sourceTree = "<group>"; };
		840766F22B0B5CF20079D1AE /* Assets.xcassets */ = {isa = PBXFileReference; lastKnownFileType = folder.assetcatalog; path = Assets.xcassets; sourceTree = "<group>"; };
		840766F52B0B5CF20079D1AE /* Preview Assets.xcassets */ = {isa = PBXFileReference; lastKnownFileType = folder.assetcatalog; path = "Preview Assets.xcassets"; sourceTree = "<group>"; };
		840766FC2B0B5D1C0079D1AE /* Framework.swift */ = {isa = PBXFileReference; lastKnownFileType = sourcecode.swift; path = Framework.swift; sourceTree = "<group>"; };
		840766FE2B0B5DAD0079D1AE /* FrameworkGridView.swift */ = {isa = PBXFileReference; lastKnownFileType = sourcecode.swift; path = FrameworkGridView.swift; sourceTree = "<group>"; };
		840767002B0B7E4C0079D1AE /* FrameworkDetailView.swift */ = {isa = PBXFileReference; lastKnownFileType = sourcecode.swift; path = FrameworkDetailView.swift; sourceTree = "<group>"; };
		840767022B0B80D80079D1AE /* AFButton.swift */ = {isa = PBXFileReference; lastKnownFileType = sourcecode.swift; path = AFButton.swift; sourceTree = "<group>"; };
		841CF4442B0E42A600383B55 /* FrameworkGridViewModel.swift */ = {isa = PBXFileReference; lastKnownFileType = sourcecode.swift; path = FrameworkGridViewModel.swift; sourceTree = "<group>"; };
		841CF4462B0E48C900383B55 /* SafariView.swift */ = {isa = PBXFileReference; lastKnownFileType = sourcecode.swift; path = SafariView.swift; sourceTree = "<group>"; };
		841CF4482B0E4D2100383B55 /* FrameworkTitleView.swift */ = {isa = PBXFileReference; lastKnownFileType = sourcecode.swift; path = FrameworkTitleView.swift; sourceTree = "<group>"; };
		841CF44A2B0E4DF100383B55 /* XDismissButton.swift */ = {isa = PBXFileReference; lastKnownFileType = sourcecode.swift; path = XDismissButton.swift; sourceTree = "<group>"; };
/* End PBXFileReference section */

/* Begin PBXFrameworksBuildPhase section */
		840766E82B0B5CF10079D1AE /* Frameworks */ = {
			isa = PBXFrameworksBuildPhase;
			buildActionMask = 2147483647;
			files = (
			);
			runOnlyForDeploymentPostprocessing = 0;
		};
/* End PBXFrameworksBuildPhase section */

/* Begin PBXGroup section */
		840766E22B0B5CF10079D1AE = {
			isa = PBXGroup;
			children = (
				840766ED2B0B5CF10079D1AE /* AppleFrameworksSwiftUI */,
				840766EC2B0B5CF10079D1AE /* Products */,
			);
			sourceTree = "<group>";
		};
		840766EC2B0B5CF10079D1AE /* Products */ = {
			isa = PBXGroup;
			children = (
				840766EB2B0B5CF10079D1AE /* AppleFrameworksSwiftUI.app */,
			);
			name = Products;
			sourceTree = "<group>";
		};
		840766ED2B0B5CF10079D1AE /* AppleFrameworksSwiftUI */ = {
			isa = PBXGroup;
			children = (
				840766EE2B0B5CF10079D1AE /* AppleFrameworksSwiftUIApp.swift */,
				841CF4442B0E42A600383B55 /* FrameworkGridViewModel.swift */,
				840766FE2B0B5DAD0079D1AE /* FrameworkGridView.swift */,
				840767002B0B7E4C0079D1AE /* FrameworkDetailView.swift */,
				840767022B0B80D80079D1AE /* AFButton.swift */,
				840766FC2B0B5D1C0079D1AE /* Framework.swift */,
				840766F22B0B5CF20079D1AE /* Assets.xcassets */,
				840766F42B0B5CF20079D1AE /* Preview Content */,
				841CF4462B0E48C900383B55 /* SafariView.swift */,
				841CF4482B0E4D2100383B55 /* FrameworkTitleView.swift */,
				841CF44A2B0E4DF100383B55 /* XDismissButton.swift */,
			);
			path = AppleFrameworksSwiftUI;
			sourceTree = "<group>";
		};
		840766F42B0B5CF20079D1AE /* Preview Content */ = {
			isa = PBXGroup;
			children = (
				840766F52B0B5CF20079D1AE /* Preview Assets.xcassets */,
			);
			path = "Preview Content";
			sourceTree = "<group>";
		};
/* End PBXGroup section */

/* Begin PBXNativeTarget section */
		840766EA2B0B5CF10079D1AE /* AppleFrameworksSwiftUI */ = {
			isa = PBXNativeTarget;
			buildConfigurationList = 840766F92B0B5CF20079D1AE /* Build configuration list for PBXNativeTarget "AppleFrameworksSwiftUI" */;
			buildPhases = (
				840766E72B0B5CF10079D1AE /* Sources */,
				840766E82B0B5CF10079D1AE /* Frameworks */,
				840766E92B0B5CF10079D1AE /* Resources */,
			);
			buildRules = (
			);
			dependencies = (
			);
			name = AppleFrameworksSwiftUI;
			productName = AppleFrameworksSwiftUI;
			productReference = 840766EB2B0B5CF10079D1AE /* AppleFrameworksSwiftUI.app */;
			productType = "com.apple.product-type.application";
		};
/* End PBXNativeTarget section */

/* Begin PBXProject section */
		840766E32B0B5CF10079D1AE /* Project object */ = {
			isa = PBXProject;
			attributes = {
				BuildIndependentTargetsInParallel = 1;
				LastSwiftUpdateCheck = 1410;
				LastUpgradeCheck = 1410;
				TargetAttributes = {
					840766EA2B0B5CF10079D1AE = {
						CreatedOnToolsVersion = 14.1;
					};
				};
			};
			buildConfigurationList = 840766E62B0B5CF10079D1AE /* Build configuration list for PBXProject "AppleFrameworksSwiftUI" */;
			compatibilityVersion = "Xcode 14.0";
			developmentRegion = en;
			hasScannedForEncodings = 0;
			knownRegions = (
				en,
				Base,
			);
			mainGroup = 840766E22B0B5CF10079D1AE;
			productRefGroup = 840766EC2B0B5CF10079D1AE /* Products */;
			projectDirPath = "";
			projectRoot = "";
			targets = (
				840766EA2B0B5CF10079D1AE /* AppleFrameworksSwiftUI */,
			);
		};
/* End PBXProject section */

/* Begin PBXResourcesBuildPhase section */
		840766E92B0B5CF10079D1AE /* Resources */ = {
			isa = PBXResourcesBuildPhase;
			buildActionMask = 2147483647;
			files = (
				840766F62B0B5CF20079D1AE /* Preview Assets.xcassets in Resources */,
				840766F32B0B5CF20079D1AE /* Assets.xcassets in Resources */,
			);
			runOnlyForDeploymentPostprocessing = 0;
		};
/* End PBXResourcesBuildPhase section */

/* Begin PBXSourcesBuildPhase section */
		840766E72B0B5CF10079D1AE /* Sources */ = {
			isa = PBXSourcesBuildPhase;
			buildActionMask = 2147483647;
			files = (
				840767012B0B7E4C0079D1AE /* FrameworkDetailView.swift in Sources */,
				840766FF2B0B5DAD0079D1AE /* FrameworkGridView.swift in Sources */,
				841CF44B2B0E4DF100383B55 /* XDismissButton.swift in Sources */,
				840766FD2B0B5D1D0079D1AE /* Framework.swift in Sources */,
				840767032B0B80D80079D1AE /* AFButton.swift in Sources */,
				840766EF2B0B5CF10079D1AE /* AppleFrameworksSwiftUIApp.swift in Sources */,
				841CF4452B0E42A600383B55 /* FrameworkGridViewModel.swift in Sources */,
				841CF4492B0E4D2100383B55 /* FrameworkTitleView.swift in Sources */,
				841CF4472B0E48C900383B55 /* SafariView.swift in Sources */,
			);
			runOnlyForDeploymentPostprocessing = 0;
		};
/* End PBXSourcesBuildPhase section */

/* Begin XCBuildConfiguration section */
		840766F72B0B5CF20079D1AE /* Debug */ = {
			isa = XCBuildConfiguration;
			buildSettings = {
				ALWAYS_SEARCH_USER_PATHS = NO;
				CLANG_ANALYZER_NONNULL = YES;
				CLANG_ANALYZER_NUMBER_OBJECT_CONVERSION = YES_AGGRESSIVE;
				CLANG_CXX_LANGUAGE_STANDARD = "gnu++20";
				CLANG_ENABLE_MODULES = YES;
				CLANG_ENABLE_OBJC_ARC = YES;
				CLANG_ENABLE_OBJC_WEAK = YES;
				CLANG_WARN_BLOCK_CAPTURE_AUTORELEASING = YES;
				CLANG_WARN_BOOL_CONVERSION = YES;
				CLANG_WARN_COMMA = YES;
				CLANG_WARN_CONSTANT_CONVERSION = YES;
				CLANG_WARN_DEPRECATED_OBJC_IMPLEMENTATIONS = YES;
				CLANG_WARN_DIRECT_OBJC_ISA_USAGE = YES_ERROR;
				CLANG_WARN_DOCUMENTATION_COMMENTS = YES;
				CLANG_WARN_EMPTY_BODY = YES;
				CLANG_WARN_ENUM_CONVERSION = YES;
				CLANG_WARN_INFINITE_RECURSION = YES;
				CLANG_WARN_INT_CONVERSION = YES;
				CLANG_WARN_NON_LITERAL_NULL_CONVERSION = YES;
				CLANG_WARN_OBJC_IMPLICIT_RETAIN_SELF = YES;
				CLANG_WARN_OBJC_LITERAL_CONVERSION = YES;
				CLANG_WARN_OBJC_ROOT_CLASS = YES_ERROR;
				CLANG_WARN_QUOTED_INCLUDE_IN_FRAMEWORK_HEADER = YES;
				CLANG_WARN_RANGE_LOOP_ANALYSIS = YES;
				CLANG_WARN_STRICT_PROTOTYPES = YES;
				CLANG_WARN_SUSPICIOUS_MOVE = YES;
				CLANG_WARN_UNGUARDED_AVAILABILITY = YES_AGGRESSIVE;
				CLANG_WARN_UNREACHABLE_CODE = YES;
				CLANG_WARN__DUPLICATE_METHOD_MATCH = YES;
				COPY_PHASE_STRIP = NO;
				DEBUG_INFORMATION_FORMAT = dwarf;
				ENABLE_STRICT_OBJC_MSGSEND = YES;
				ENABLE_TESTABILITY = YES;
				GCC_C_LANGUAGE_STANDARD = gnu11;
				GCC_DYNAMIC_NO_PIC = NO;
				GCC_NO_COMMON_BLOCKS = YES;
				GCC_OPTIMIZATION_LEVEL = 0;
				GCC_PREPROCESSOR_DEFINITIONS = (
					"DEBUG=1",
					"$(inherited)",
				);
				GCC_WARN_64_TO_32_BIT_CONVERSION = YES;
				GCC_WARN_ABOUT_RETURN_TYPE = YES_ERROR;
				GCC_WARN_UNDECLARED_SELECTOR = YES;
				GCC_WARN_UNINITIALIZED_AUTOS = YES_AGGRESSIVE;
				GCC_WARN_UNUSED_FUNCTION = YES;
				GCC_WARN_UNUSED_VARIABLE = YES;
				IPHONEOS_DEPLOYMENT_TARGET = 16.1;
				MTL_ENABLE_DEBUG_INFO = INCLUDE_SOURCE;
				MTL_FAST_MATH = YES;
				ONLY_ACTIVE_ARCH = YES;
				SDKROOT = iphoneos;
				SWIFT_ACTIVE_COMPILATION_CONDITIONS = DEBUG;
				SWIFT_OPTIMIZATION_LEVEL = "-Onone";
			};
			name = Debug;
		};
		840766F82B0B5CF20079D1AE /* Release */ = {
			isa = XCBuildConfiguration;
			buildSettings = {
				ALWAYS_SEARCH_USER_PATHS = NO;
				CLANG_ANALYZER_NONNULL = YES;
				CLANG_ANALYZER_NUMBER_OBJECT_CONVERSION = YES_AGGRESSIVE;
				CLANG_CXX_LANGUAGE_STANDARD = "gnu++20";
				CLANG_ENABLE_MODULES = YES;
				CLANG_ENABLE_OBJC_ARC = YES;
				CLANG_ENABLE_OBJC_WEAK = YES;
				CLANG_WARN_BLOCK_CAPTURE_AUTORELEASING = YES;
				CLANG_WARN_BOOL_CONVERSION = YES;
				CLANG_WARN_COMMA = YES;
				CLANG_WARN_CONSTANT_CONVERSION = YES;
				CLANG_WARN_DEPRECATED_OBJC_IMPLEMENTATIONS = YES;
				CLANG_WARN_DIRECT_OBJC_ISA_USAGE = YES_ERROR;
				CLANG_WARN_DOCUMENTATION_COMMENTS = YES;
				CLANG_WARN_EMPTY_BODY = YES;
				CLANG_WARN_ENUM_CONVERSION = YES;
				CLANG_WARN_INFINITE_RECURSION = YES;
				CLANG_WARN_INT_CONVERSION = YES;
				CLANG_WARN_NON_LITERAL_NULL_CONVERSION = YES;
				CLANG_WARN_OBJC_IMPLICIT_RETAIN_SELF = YES;
				CLANG_WARN_OBJC_LITERAL_CONVERSION = YES;
				CLANG_WARN_OBJC_ROOT_CLASS = YES_ERROR;
				CLANG_WARN_QUOTED_INCLUDE_IN_FRAMEWORK_HEADER = YES;
				CLANG_WARN_RANGE_LOOP_ANALYSIS = YES;
				CLANG_WARN_STRICT_PROTOTYPES = YES;
				CLANG_WARN_SUSPICIOUS_MOVE = YES;
				CLANG_WARN_UNGUARDED_AVAILABILITY = YES_AGGRESSIVE;
				CLANG_WARN_UNREACHABLE_CODE = YES;
				CLANG_WARN__DUPLICATE_METHOD_MATCH = YES;
				COPY_PHASE_STRIP = NO;
				DEBUG_INFORMATION_FORMAT = "dwarf-with-dsym";
				ENABLE_NS_ASSERTIONS = NO;
				ENABLE_STRICT_OBJC_MSGSEND = YES;
				GCC_C_LANGUAGE_STANDARD = gnu11;
				GCC_NO_COMMON_BLOCKS = YES;
				GCC_WARN_64_TO_32_BIT_CONVERSION = YES;
				GCC_WARN_ABOUT_RETURN_TYPE = YES_ERROR;
				GCC_WARN_UNDECLARED_SELECTOR = YES;
				GCC_WARN_UNINITIALIZED_AUTOS = YES_AGGRESSIVE;
				GCC_WARN_UNUSED_FUNCTION = YES;
				GCC_WARN_UNUSED_VARIABLE = YES;
				IPHONEOS_DEPLOYMENT_TARGET = 16.1;
				MTL_ENABLE_DEBUG_INFO = NO;
				MTL_FAST_MATH = YES;
				SDKROOT = iphoneos;
				SWIFT_COMPILATION_MODE = wholemodule;
				SWIFT_OPTIMIZATION_LEVEL = "-O";
				VALIDATE_PRODUCT = YES;
			};
			name = Release;
		};
		840766FA2B0B5CF20079D1AE /* Debug */ = {
			isa = XCBuildConfiguration;
			buildSettings = {
				ASSETCATALOG_COMPILER_APPICON_NAME = AppIcon;
				ASSETCATALOG_COMPILER_GLOBAL_ACCENT_COLOR_NAME = AccentColor;
				CODE_SIGN_STYLE = Automatic;
				CURRENT_PROJECT_VERSION = 1;
				DEVELOPMENT_ASSET_PATHS = "\"AppleFrameworksSwiftUI/Preview Content\"";
				DEVELOPMENT_TEAM = QPVS8WRX26;
				ENABLE_PREVIEWS = YES;
				GENERATE_INFOPLIST_FILE = YES;
				INFOPLIST_KEY_UIApplicationSceneManifest_Generation = YES;
				INFOPLIST_KEY_UIApplicationSupportsIndirectInputEvents = YES;
				INFOPLIST_KEY_UILaunchScreen_Generation = YES;
				INFOPLIST_KEY_UISupportedInterfaceOrientations_iPad = "UIInterfaceOrientationPortrait UIInterfaceOrientationPortraitUpsideDown UIInterfaceOrientationLandscapeLeft UIInterfaceOrientationLandscapeRight";
				INFOPLIST_KEY_UISupportedInterfaceOrientations_iPhone = "UIInterfaceOrientationPortrait UIInterfaceOrientationLandscapeLeft UIInterfaceOrientationLandscapeRight";
				LD_RUNPATH_SEARCH_PATHS = (
					"$(inherited)",
					"@executable_path/Frameworks",
				);
				MARKETING_VERSION = 1.0;
				PRODUCT_BUNDLE_IDENTIFIER = AliShaker.AppleFrameworksSwiftUI;
				PRODUCT_NAME = "$(TARGET_NAME)";
				SWIFT_EMIT_LOC_STRINGS = YES;
				SWIFT_VERSION = 5.0;
				TARGETED_DEVICE_FAMILY = "1,2";
			};
			name = Debug;
		};
		840766FB2B0B5CF20079D1AE /* Release */ = {
			isa = XCBuildConfiguration;
			buildSettings = {
				ASSETCATALOG_COMPILER_APPICON_NAME = AppIcon;
				ASSETCATALOG_COMPILER_GLOBAL_ACCENT_COLOR_NAME = AccentColor;
				CODE_SIGN_STYLE = Automatic;
				CURRENT_PROJECT_VERSION = 1;
				DEVELOPMENT_ASSET_PATHS = "\"AppleFrameworksSwiftUI/Preview Content\"";
				DEVELOPMENT_TEAM = QPVS8WRX26;
				ENABLE_PREVIEWS = YES;
				GENERATE_INFOPLIST_FILE = YES;
				INFOPLIST_KEY_UIApplicationSceneManifest_Generation = YES;
				INFOPLIST_KEY_UIApplicationSupportsIndirectInputEvents = YES;
				INFOPLIST_KEY_UILaunchScreen_Generation = YES;
				INFOPLIST_KEY_UISupportedInterfaceOrientations_iPad = "UIInterfaceOrientationPortrait UIInterfaceOrientationPortraitUpsideDown UIInterfaceOrientationLandscapeLeft UIInterfaceOrientationLandscapeRight";
				INFOPLIST_KEY_UISupportedInterfaceOrientations_iPhone = "UIInterfaceOrientationPortrait UIInterfaceOrientationLandscapeLeft UIInterfaceOrientationLandscapeRight";
				LD_RUNPATH_SEARCH_PATHS = (
					"$(inherited)",
					"@executable_path/Frameworks",
				);
				MARKETING_VERSION = 1.0;
				PRODUCT_BUNDLE_IDENTIFIER = AliShaker.AppleFrameworksSwiftUI;
				PRODUCT_NAME = "$(TARGET_NAME)";
				SWIFT_EMIT_LOC_STRINGS = YES;
				SWIFT_VERSION = 5.0;
				TARGETED_DEVICE_FAMILY = "1,2";
			};
			name = Release;
		};
/* End XCBuildConfiguration section */

/* Begin XCConfigurationList section */
		840766E62B0B5CF10079D1AE /* Build configuration list for PBXProject "AppleFrameworksSwiftUI" */ = {
			isa = XCConfigurationList;
			buildConfigurations = (
				840766F72B0B5CF20079D1AE /* Debug */,
				840766F82B0B5CF20079D1AE /* Release */,
			);
			defaultConfigurationIsVisible = 0;
			defaultConfigurationName = Release;
		};
		840766F92B0B5CF20079D1AE /* Build configuration list for PBXNativeTarget "AppleFrameworksSwiftUI" */ = {
			isa = XCConfigurationList;
			buildConfigurations = (
				840766FA2B0B5CF20079D1AE /* Debug */,
				840766FB2B0B5CF20079D1AE /* Release */,
			);
			defaultConfigurationIsVisible = 0;
			defaultConfigurationName = Release;
		};
/* End XCConfigurationList section */
	};
	rootObject = 840766E32B0B5CF10079D1AE /* Project object */;
}
